
Microsoft Visual Studio Solution File, Format Version 12.00
# Visual Studio Version 17
VisualStudioVersion = 17.0.32112.339
MinimumVisualStudioVersion = 10.0.40219.1
Project("{FAE04EC0-301F-11D3-BF4B-00C04F79EFBC}") = "Draft", "Draft\Draft.csproj", "{BB6833DE-143D-4217-975F-13BC92E7463A}"
EndProject
Global
	GlobalSection(SolutionConfigurationPlatforms) = preSolution
		Debug|Any CPU = Debug|Any CPU
		Release|Any CPU = Release|Any CPU
	EndGlobalSection
	GlobalSection(ProjectConfigurationPlatforms) = postSolution
		{BB6833DE-143D-4217-975F-13BC92E7463A}.Debug|Any CPU.ActiveCfg = Debug|Any CPU
		{BB6833DE-143D-4217-975F-13BC92E7463A}.Debug|Any CPU.Build.0 = Debug|Any CPU
		{BB6833DE-143D-4217-975F-13BC92E7463A}.Release|Any CPU.ActiveCfg = Release|Any CPU
		{BB6833DE-143D-4217-975F-13BC92E7463A}.Release|Any CPU.Build.0 = Release|Any CPU
	EndGlobalSection
	GlobalSection(SolutionProperties) = preSolution
		HideSolutionNode = FALSE
	EndGlobalSection
	GlobalSection(ExtensibilityGlobals) = postSolution
		SolutionGuid = {0832783A-B28D-4B43-98B8-0F4085FA082E}
	EndGlobalSection
EndGlobal
